
Microsoft Visual Studio Solution File, Format Version 12.00
# Visual Studio 15
VisualStudioVersion = 15.0.27703.2042
MinimumVisualStudioVersion = 10.0.40219.1
Project("{FAE04EC0-301F-11D3-BF4B-00C04F79EFBC}") = "CortexTest", "CortexTest\CortexTest.csproj", "{D245A71B-AA3A-4997-A3C6-1E14C49D5911}"
EndProject
Global
	GlobalSection(SolutionConfigurationPlatforms) = preSolution
		Debug|Any CPU = Debug|Any CPU
		Release|Any CPU = Release|Any CPU
	EndGlobalSection
	GlobalSection(ProjectConfigurationPlatforms) = postSolution
		{D245A71B-AA3A-4997-A3C6-1E14C49D5911}.Debug|Any CPU.ActiveCfg = Debug|Any CPU
		{D245A71B-AA3A-4997-A3C6-1E14C49D5911}.Debug|Any CPU.Build.0 = Debug|Any CPU
		{D245A71B-AA3A-4997-A3C6-1E14C49D5911}.Release|Any CPU.ActiveCfg = Release|Any CPU
		{D245A71B-AA3A-4997-A3C6-1E14C49D5911}.Release|Any CPU.Build.0 = Release|Any CPU
	EndGlobalSection
	GlobalSection(SolutionProperties) = preSolution
		HideSolutionNode = FALSE
	EndGlobalSection
	GlobalSection(ExtensibilityGlobals) = postSolution
		SolutionGuid = {E1D43543-AB30-4C2E-9A8E-250AC7A32259}
	EndGlobalSection
EndGlobal
